# THIS IS AN AUTOGENERATED FILE. DO NOT EDIT THIS FILE DIRECTLY.
# yarn lockfile v1


"@octokit/types@^6.0.0", "@octokit/types@^6.0.1", "@octokit/types@^6.0.3":
  version "6.1.1"
  resolved "https://registry.yarnpkg.com/@octokit/types/-/types-6.1.1.tgz#bc88b3eb5f447b025a2a1a8177a72db216e8d4ca"
  integrity sha512-btm3D6S7VkRrgyYF31etUtVY/eQ1KzrNRqhFt25KSe2mKlXuLXJilglRC6eDA2P6ou94BUnk/Kz5MPEolXgoiw==
  dependencies:
    "@octokit/openapi-types" "^2.0.0"
    "@types/node" ">= 8"

"@pmmmwh/react-refresh-webpack-plugin@0.3.0":
  version "0.3.0"
  resolved "https://registry.yarnpkg.com/@pmmmwh/react-refresh-webpack-plugin/-/react-refresh-webpack-plugin-0.3.0.tgz#1caa675c3098801152537ee63420bcd672213295"
  integrity sha512-zeWx7HJ+7yJBFgm8TTEqUiUj172NcQxYduiAcK5ks9OHYdWgzfxfygtxlhvEzMLFM9fX60/dKxqFvlPKTGltOg==
  dependencies:
    ansi-html "^0.0.7"
    error-stack-parser "^2.0.6"
    html-entities "^1.2.1"
    lodash.debounce "^4.0.8"
    native-url "^0.2.6"
    schema-utils "^2.6.5"

design-react-kit@3.1.3:
  version "3.1.3"
  resolved "https://registry.yarnpkg.com/design-react-kit/-/design-react-kit-3.1.3.tgz#e97653fd2e1d78c165b7cc5f5ffe2db29ea1f12c"
  integrity sha512-EKh5TsQV8/Su1VJqGsM1QHLsN4m1mJIMBigk4Ht0LYHwyPvuE6ZEW/HTkfGYEDneGzruSDNWfM2WqXngLhMN2A==
  dependencies:
    prop-types "^15.7.2"
    react-scrollspy "^3.3.5"
    react-select "^3.0.8"
    react-stickup "^1.11.0"
    react-toastify "^5.5.0"
    react-transition-group "^2.3.1"
    reactstrap "^8.0.0"
    webfontloader "^1.6.28"

destroy@~1.0.4:
  version "1.0.4"
  resolved "https://registry.yarnpkg.com/destroy/-/destroy-1.0.4.tgz#978857442c44749e4206613e37946205826abd80"
  integrity sha1-l4hXRCxEdJ5CBmE+N5RiBYJqvYA=

w3c-hr-time@^1.0.1, w3c-hr-time@^1.0.2:
  version "1.0.2"
  resolved "https://registry.yarnpkg.com/w3c-hr-time/-/w3c-hr-time-1.0.2.tgz#0a89cdf5cc15822df9c360543676963e0cc308cd"
  integrity sha512-z8P5DvDNjKDoFIHK7q8r8lackT6l+jo/Ye3HOle7l9nICP9lf1Ci25fy9vHd0JOWewkIFzXIEig3TdKT7JQ5fQ==
  dependencies:
    browser-process-hrtime "^1.0.0"
